
Microsoft Visual Studio Solution File, Format Version 12.00
# Visual Studio Version 17
VisualStudioVersion = 17.8.34322.80
MinimumVisualStudioVersion = 10.0.40219.1
Project("{FAE04EC0-301F-11D3-BF4B-00C04F79EFBC}") = "NorthWind.Entities", "NorthWind.Entities\NorthWind.Entities.csproj", "{FE4275D6-C371-4282-9D4E-9A887A452493}"
EndProject
Global
	GlobalSection(SolutionConfigurationPlatforms) = preSolution
		Debug|Any CPU = Debug|Any CPU
		Release|Any CPU = Release|Any CPU
	EndGlobalSection
	GlobalSection(ProjectConfigurationPlatforms) = postSolution
		{FE4275D6-C371-4282-9D4E-9A887A452493}.Debug|Any CPU.ActiveCfg = Debug|Any CPU
		{FE4275D6-C371-4282-9D4E-9A887A452493}.Debug|Any CPU.Build.0 = Debug|Any CPU
		{FE4275D6-C371-4282-9D4E-9A887A452493}.Release|Any CPU.ActiveCfg = Release|Any CPU
		{FE4275D6-C371-4282-9D4E-9A887A452493}.Release|Any CPU.Build.0 = Release|Any CPU
	EndGlobalSection
	GlobalSection(SolutionProperties) = preSolution
		HideSolutionNode = FALSE
	EndGlobalSection
	GlobalSection(ExtensibilityGlobals) = postSolution
		SolutionGuid = {4E6CDA5C-3CAA-4563-8ECD-2EC8E112748F}
	EndGlobalSection
EndGlobal
