
Microsoft Visual Studio Solution File, Format Version 12.00
# Visual Studio Version 17
VisualStudioVersion = 17.8.34322.80
MinimumVisualStudioVersion = 10.0.40219.1
Project("{9A19103F-16F7-4668-BE54-9A1E7A4F7556}") = "NorthWind.Entities", "NorthWind.Entities\NorthWind.Entities.csproj", "{FE4275D6-C371-4282-9D4E-9A887A452493}"
EndProject
Project("{FAE04EC0-301F-11D3-BF4B-00C04F79EFBC}") = "NorthWind.ConsoleApp", "NorthWind.ConsoleApp\NorthWind.ConsoleApp.csproj", "{E8B70F65-1A16-4D1D-A2E2-49DE5D25BEDB}"
EndProject
Project("{FAE04EC0-301F-11D3-BF4B-00C04F79EFBC}") = "NorthWind.Writers", "NorthWind.Writers\NorthWind.Writers.csproj", "{4BEECF70-E9CB-41BA-B99A-2B9B322F59F9}"
EndProject
Project("{FAE04EC0-301F-11D3-BF4B-00C04F79EFBC}") = "NorthWind.IoC", "NorthWind.IoC\NorthWind.IoC.csproj", "{C89FC9A4-840C-488A-81F7-29EECC489101}"
EndProject
Project("{FAE04EC0-301F-11D3-BF4B-00C04F79EFBC}") = "NorthWind.Core", "NorthWind.Core\NorthWind.Core.csproj", "{BDEC129C-C1EF-416B-8304-8845546BED10}"
EndProject
Global
	GlobalSection(SolutionConfigurationPlatforms) = preSolution
		Debug|Any CPU = Debug|Any CPU
		Release|Any CPU = Release|Any CPU
	EndGlobalSection
	GlobalSection(ProjectConfigurationPlatforms) = postSolution
		{FE4275D6-C371-4282-9D4E-9A887A452493}.Debug|Any CPU.ActiveCfg = Debug|Any CPU
		{FE4275D6-C371-4282-9D4E-9A887A452493}.Debug|Any CPU.Build.0 = Debug|Any CPU
		{FE4275D6-C371-4282-9D4E-9A887A452493}.Release|Any CPU.ActiveCfg = Release|Any CPU
		{FE4275D6-C371-4282-9D4E-9A887A452493}.Release|Any CPU.Build.0 = Release|Any CPU
		{E8B70F65-1A16-4D1D-A2E2-49DE5D25BEDB}.Debug|Any CPU.ActiveCfg = Debug|Any CPU
		{E8B70F65-1A16-4D1D-A2E2-49DE5D25BEDB}.Debug|Any CPU.Build.0 = Debug|Any CPU
		{E8B70F65-1A16-4D1D-A2E2-49DE5D25BEDB}.Release|Any CPU.ActiveCfg = Release|Any CPU
		{E8B70F65-1A16-4D1D-A2E2-49DE5D25BEDB}.Release|Any CPU.Build.0 = Release|Any CPU
		{4BEECF70-E9CB-41BA-B99A-2B9B322F59F9}.Debug|Any CPU.ActiveCfg = Debug|Any CPU
		{4BEECF70-E9CB-41BA-B99A-2B9B322F59F9}.Debug|Any CPU.Build.0 = Debug|Any CPU
		{4BEECF70-E9CB-41BA-B99A-2B9B322F59F9}.Release|Any CPU.ActiveCfg = Release|Any CPU
		{4BEECF70-E9CB-41BA-B99A-2B9B322F59F9}.Release|Any CPU.Build.0 = Release|Any CPU
		{C89FC9A4-840C-488A-81F7-29EECC489101}.Debug|Any CPU.ActiveCfg = Debug|Any CPU
		{C89FC9A4-840C-488A-81F7-29EECC489101}.Debug|Any CPU.Build.0 = Debug|Any CPU
		{C89FC9A4-840C-488A-81F7-29EECC489101}.Release|Any CPU.ActiveCfg = Release|Any CPU
		{C89FC9A4-840C-488A-81F7-29EECC489101}.Release|Any CPU.Build.0 = Release|Any CPU
		{BDEC129C-C1EF-416B-8304-8845546BED10}.Debug|Any CPU.ActiveCfg = Debug|Any CPU
		{BDEC129C-C1EF-416B-8304-8845546BED10}.Debug|Any CPU.Build.0 = Debug|Any CPU
		{BDEC129C-C1EF-416B-8304-8845546BED10}.Release|Any CPU.ActiveCfg = Release|Any CPU
		{BDEC129C-C1EF-416B-8304-8845546BED10}.Release|Any CPU.Build.0 = Release|Any CPU
	EndGlobalSection
	GlobalSection(SolutionProperties) = preSolution
		HideSolutionNode = FALSE
	EndGlobalSection
	GlobalSection(ExtensibilityGlobals) = postSolution
		SolutionGuid = {4E6CDA5C-3CAA-4563-8ECD-2EC8E112748F}
	EndGlobalSection
EndGlobal
